
Microsoft Visual Studio Solution File, Format Version 12.00
# Visual Studio 15
VisualStudioVersion = 15.0.28307.489
MinimumVisualStudioVersion = 10.0.40219.1
Project("{FAE04EC0-301F-11D3-BF4B-00C04F79EFBC}") = "ChatRoom", "ChatRoom\ChatRoom.csproj", "{D6E331AD-A9F4-4892-A82C-8112CF4C3C6C}"
EndProject
Global
	GlobalSection(SolutionConfigurationPlatforms) = preSolution
		Debug|Any CPU = Debug|Any CPU
		Release|Any CPU = Release|Any CPU
	EndGlobalSection
	GlobalSection(ProjectConfigurationPlatforms) = postSolution
		{D6E331AD-A9F4-4892-A82C-8112CF4C3C6C}.Debug|Any CPU.ActiveCfg = Debug|Any CPU
		{D6E331AD-A9F4-4892-A82C-8112CF4C3C6C}.Debug|Any CPU.Build.0 = Debug|Any CPU
		{D6E331AD-A9F4-4892-A82C-8112CF4C3C6C}.Release|Any CPU.ActiveCfg = Release|Any CPU
		{D6E331AD-A9F4-4892-A82C-8112CF4C3C6C}.Release|Any CPU.Build.0 = Release|Any CPU
	EndGlobalSection
	GlobalSection(SolutionProperties) = preSolution
		HideSolutionNode = FALSE
	EndGlobalSection
	GlobalSection(ExtensibilityGlobals) = postSolution
		SolutionGuid = {5E356DBA-97F9-43BD-8ECE-9CF768C221C4}
	EndGlobalSection
EndGlobal
